// !$*UTF8*$!
{
	archiveVersion = 1;
	classes = {
	};
	objectVersion = 46;
	objects = {

/* Begin PBXBuildFile section */
		7D1A66D11C72F3F400869758 /* Foundation.framework in Frameworks */ = {isa = PBXBuildFile; fileRef = 7D1A66D01C72F3F400869758 /* Foundation.framework */; };
		7D1A66D31C72F3F400869758 /* CoreGraphics.framework in Frameworks */ = {isa = PBXBuildFile; fileRef = 7D1A66D21C72F3F400869758 /* CoreGraphics.framework */; };
		7D1A66D51C72F3F400869758 /* UIKit.framework in Frameworks */ = {isa = PBXBuildFile; fileRef = 7D1A66D41C72F3F400869758 /* UIKit.framework */; };
		7D1A66DB1C72F3F400869758 /* InfoPlist.strings in Resources */ = {isa = PBXBuildFile; fileRef = 7D1A66D91C72F3F400869758 /* InfoPlist.strings */; };
		7D1A66DD1C72F3F400869758 /* main.m in Sources */ = {isa = PBXBuildFile; fileRef = 7D1A66DC1C72F3F400869758 /* main.m */; };
		7D1A66E11C72F3F400869758 /* AppDelegate.m in Sources */ = {isa = PBXBuildFile; fileRef = 7D1A66E01C72F3F400869758 /* AppDelegate.m */; };
		7D1A66E31C72F3F400869758 /* Images.xcassets in Resources */ = {isa = PBXBuildFile; fileRef = 7D1A66E21C72F3F400869758 /* Images.xcassets */; };
		7D1A66EA1C72F3F400869758 /* XCTest.framework in Frameworks */ = {isa = PBXBuildFile; fileRef = 7D1A66E91C72F3F400869758 /* XCTest.framework */; };
		7D1A66EB1C72F3F400869758 /* Foundation.framework in Frameworks */ = {isa = PBXBuildFile; fileRef = 7D1A66D01C72F3F400869758 /* Foundation.framework */; };
		7D1A66EC1C72F3F400869758 /* UIKit.framework in Frameworks */ = {isa = PBXBuildFile; fileRef = 7D1A66D41C72F3F400869758 /* UIKit.framework */; };
		7D1A66F41C72F3F400869758 /* InfoPlist.strings in Resources */ = {isa = PBXBuildFile; fileRef = 7D1A66F21C72F3F400869758 /* InfoPlist.strings */; };
		7D1A66F61C72F3F400869758 /* YiBai67TestTests.m in Sources */ = {isa = PBXBuildFile; fileRef = 7D1A66F51C72F3F400869758 /* YiBai67TestTests.m */; };
		7D1A67011C72F44300869758 /* PasswordViewController.m in Sources */ = {isa = PBXBuildFile; fileRef = 7D1A67001C72F44300869758 /* PasswordViewController.m */; };
		7D1A67581C72F4B400869758 /* back@2x.png in Resources */ = {isa = PBXBuildFile; fileRef = 7D1A67031C72F4B400869758 /* back@2x.png */; };
		7D1A67591C72F4B400869758 /* bg@2x.jpg in Resources */ = {isa = PBXBuildFile; fileRef = 7D1A67041C72F4B400869758 /* bg@2x.jpg */; };
		7D1A675A1C72F4B400869758 /* c_item0@2x.jpg in Resources */ = {isa = PBXBuildFile; fileRef = 7D1A67051C72F4B400869758 /* c_item0@2x.jpg */; };
		7D1A675B1C72F4B400869758 /* c_item1@2x.jpg in Resources */ = {isa = PBXBuildFile; fileRef = 7D1A67061C72F4B400869758 /* c_item1@2x.jpg */; };
		7D1A675C1C72F4B400869758 /* c_item2@2x.jpg in Resources */ = {isa = PBXBuildFile; fileRef = 7D1A67071C72F4B400869758 /* c_item2@2x.jpg */; };
		7D1A675D1C72F4B400869758 /* c_item3@2x.jpg in Resources */ = {isa = PBXBuildFile; fileRef = 7D1A67081C72F4B400869758 /* c_item3@2x.jpg */; };
		7D1A675E1C72F4B400869758 /* c_item4@2x.jpg in Resources */ = {isa = PBXBuildFile; fileRef = 7D1A67091C72F4B400869758 /* c_item4@2x.jpg */; };
		7D1A675F1C72F4B400869758 /* c_1.png in Resources */ = {isa = PBXBuildFile; fileRef = 7D1A670B1C72F4B400869758 /* c_1.png */; };
		7D1A67601C72F4B400869758 /* c_10.png in Resources */ = {isa = PBXBuildFile; fileRef = 7D1A670C1C72F4B400869758 /* c_10.png */; };
		7D1A67611C72F4B400869758 /* c_11.png in Resources */ = {isa = PBXBuildFile; fileRef = 7D1A670D1C72F4B400869758 /* c_11.png */; };
		7D1A67621C72F4B400869758 /* c_12.png in Resources */ = {isa = PBXBuildFile; fileRef = 7D1A670E1C72F4B400869758 /* c_12.png */; };
		7D1A67631C72F4B400869758 /* c_2.png in Resources */ = {isa = PBXBuildFile; fileRef = 7D1A670F1C72F4B400869758 /* c_2.png */; };
		7D1A67641C72F4B400869758 /* c_3.png in Resources */ = {isa = PBXBuildFile; fileRef = 7D1A67101C72F4B400869758 /* c_3.png */; };
		7D1A67651C72F4B400869758 /* c_4.png in Resources */ = {isa = PBXBuildFile; fileRef = 7D1A67111C72F4B400869758 /* c_4.png */; };
		7D1A67661C72F4B400869758 /* c_5.png in Resources */ = {isa = PBXBuildFile; fileRef = 7D1A67121C72F4B400869758 /* c_5.png */; };
		7D1A67671C72F4B400869758 /* c_6.png in Resources */ = {isa = PBXBuildFile; fileRef = 7D1A67131C72F4B400869758 /* c_6.png */; };
		7D1A67681C72F4B400869758 /* c_7.png in Resources */ = {isa = PBXBuildFile; fileRef = 7D1A67141C72F4B400869758 /* c_7.png */; };
		7D1A67691C72F4B400869758 /* c_8.png in Resources */ = {isa = PBXBuildFile; fileRef = 7D1A67151C72F4B400869758 /* c_8.png */; };
		7D1A676A1C72F4B400869758 /* c_9.png in Resources */ = {isa = PBXBuildFile; fileRef = 7D1A67161C72F4B400869758 /* c_9.png */; };
		7D1A676B1C72F4B400869758 /* c_bg@2x.png in Resources */ = {isa = PBXBuildFile; fileRef = 7D1A67171C72F4B400869758 /* c_bg@2x.png */; };
		7D1A676C1C72F4B400869758 /* c_setting0.png in Resources */ = {isa = PBXBuildFile; fileRef = 7D1A67181C72F4B400869758 /* c_setting0.png */; };
		7D1A676D1C72F4B400869758 /* c_setting1.png in Resources */ = {isa = PBXBuildFile; fileRef = 7D1A67191C72F4B400869758 /* c_setting1.png */; };
		7D1A676E1C72F4B400869758 /* c_setting2.png in Resources */ = {isa = PBXBuildFile; fileRef = 7D1A671A1C72F4B400869758 /* c_setting2.png */; };
		7D1A676F1C72F4B400869758 /* c_setting3.png in Resources */ = {isa = PBXBuildFile; fileRef = 7D1A671B1C72F4B400869758 /* c_setting3.png */; };
		7D1A67701C72F4B400869758 /* Icon.png in Resources */ = {isa = PBXBuildFile; fileRef = 7D1A671C1C72F4B400869758 /* Icon.png */; };
		7D1A67711C72F4B400869758 /* bg2.jpg in Resources */ = {isa = PBXBuildFile; fileRef = 7D1A671E1C72F4B400869758 /* bg2.jpg */; };
		7D1A67721C72F4B400869758 /* m_item1.png in Resources */ = {isa = PBXBuildFile; fileRef = 7D1A671F1C72F4B400869758 /* m_item1.png */; };
		7D1A67731C72F4B400869758 /* m_item2.png in Resources */ = {isa = PBXBuildFile; fileRef = 7D1A67201C72F4B400869758 /* m_item2.png */; };
		7D1A67741C72F4B400869758 /* m_item3.png in Resources */ = {isa = PBXBuildFile; fileRef = 7D1A67211C72F4B400869758 /* m_item3.png */; };
		7D1A67751C72F4B400869758 /* m_item4.png in Resources */ = {isa = PBXBuildFile; fileRef = 7D1A67221C72F4B400869758 /* m_item4.png */; };
		7D1A67761C72F4B400869758 /* commonNavBar@2x.png in Resources */ = {isa = PBXBuildFile; fileRef = 7D1A67241C72F4B400869758 /* commonNavBar@2x.png */; };
		7D1A67771C72F4B400869758 /* n_background@2x.png in Resources */ = {isa = PBXBuildFile; fileRef = 7D1A67251C72F4B400869758 /* n_background@2x.png */; };
		7D1A67781C72F4B400869758 /* n_menu@2x.png in Resources */ = {isa = PBXBuildFile; fileRef = 7D1A67261C72F4B400869758 /* n_menu@2x.png */; };
		7D1A67791C72F4B400869758 /* n_navBar@2x.png in Resources */ = {isa = PBXBuildFile; fileRef = 7D1A67271C72F4B400869758 /* n_navBar@2x.png */; };
		7D1A677A1C72F4B400869758 /* news_1.png in Resources */ = {isa = PBXBuildFile; fileRef = 7D1A67281C72F4B400869758 /* news_1.png */; };
		7D1A677B1C72F4B400869758 /* news_2.png in Resources */ = {isa = PBXBuildFile; fileRef = 7D1A67291C72F4B400869758 /* news_2.png */; };
		7D1A677C1C72F4B400869758 /* news_3.png in Resources */ = {isa = PBXBuildFile; fileRef = 7D1A672A1C72F4B400869758 /* news_3.png */; };
		7D1A677D1C72F4B400869758 /* news_4.png in Resources */ = {isa = PBXBuildFile; fileRef = 7D1A672B1C72F4B400869758 /* news_4.png */; };
		7D1A677E1C72F4B400869758 /* news_5.png in Resources */ = {isa = PBXBuildFile; fileRef = 7D1A672C1C72F4B400869758 /* news_5.png */; };
		7D1A677F1C72F4B400869758 /* news_6.png in Resources */ = {isa = PBXBuildFile; fileRef = 7D1A672D1C72F4B400869758 /* news_6.png */; };
		7D1A67801C72F4B400869758 /* b_0.png in Resources */ = {isa = PBXBuildFile; fileRef = 7D1A672F1C72F4B400869758 /* b_0.png */; };
		7D1A67811C72F4B400869758 /* b_1.png in Resources */ = {isa = PBXBuildFile; fileRef = 7D1A67301C72F4B400869758 /* b_1.png */; };
		7D1A67821C72F4B400869758 /* b_2.png in Resources */ = {isa = PBXBuildFile; fileRef = 7D1A67311C72F4B400869758 /* b_2.png */; };
		7D1A67831C72F4B400869758 /* b_3.png in Resources */ = {isa = PBXBuildFile; fileRef = 7D1A67321C72F4B400869758 /* b_3.png */; };
		7D1A67841C72F4B400869758 /* b_4.png in Resources */ = {isa = PBXBuildFile; fileRef = 7D1A67331C72F4B400869758 /* b_4.png */; };
		7D1A67851C72F4B400869758 /* b_5.png in Resources */ = {isa = PBXBuildFile; fileRef = 7D1A67341C72F4B400869758 /* b_5.png */; };
		7D1A67861C72F4B400869758 /* b_6.png in Resources */ = {isa = PBXBuildFile; fileRef = 7D1A67351C72F4B400869758 /* b_6.png */; };
		7D1A67871C72F4B400869758 /* b_7.png in Resources */ = {isa = PBXBuildFile; fileRef = 7D1A67361C72F4B400869758 /* b_7.png */; };
		7D1A67881C72F4B400869758 /* b_8.png in Resources */ = {isa = PBXBuildFile; fileRef = 7D1A67371C72F4B400869758 /* b_8.png */; };
		7D1A67891C72F4B400869758 /* b_9.png in Resources */ = {isa = PBXBuildFile; fileRef = 7D1A67381C72F4B400869758 /* b_9.png */; };
		7D1A678A1C72F4B400869758 /* s_0.png in Resources */ = {isa = PBXBuildFile; fileRef = 7D1A673A1C72F4B400869758 /* s_0.png */; };
		7D1A678B1C72F4B400869758 /* s_1.png in Resources */ = {isa = PBXBuildFile; fileRef = 7D1A673B1C72F4B400869758 /* s_1.png */; };
		7D1A678C1C72F4B400869758 /* s_2.png in Resources */ = {isa = PBXBuildFile; fileRef = 7D1A673C1C72F4B400869758 /* s_2.png */; };
		7D1A678D1C72F4B400869758 /* s_3.png in Resources */ = {isa = PBXBuildFile; fileRef = 7D1A673D1C72F4B400869758 /* s_3.png */; };
		7D1A678E1C72F4B400869758 /* s_4.png in Resources */ = {isa = PBXBuildFile; fileRef = 7D1A673E1C72F4B400869758 /* s_4.png */; };
		7D1A678F1C72F4B400869758 /* s_5.png in Resources */ = {isa = PBXBuildFile; fileRef = 7D1A673F1C72F4B400869758 /* s_5.png */; };
		7D1A67901C72F4B400869758 /* s_6.png in Resources */ = {isa = PBXBuildFile; fileRef = 7D1A67401C72F4B400869758 /* s_6.png */; };
		7D1A67911C72F4B400869758 /* s_7.png in Resources */ = {isa = PBXBuildFile; fileRef = 7D1A67411C72F4B400869758 /* s_7.png */; };
		7D1A67921C72F4B400869758 /* s_8.png in Resources */ = {isa = PBXBuildFile; fileRef = 7D1A67421C72F4B400869758 /* s_8.png */; };
		7D1A67931C72F4B400869758 /* s_9.png in Resources */ = {isa = PBXBuildFile; fileRef = 7D1A67431C72F4B400869758 /* s_9.png */; };
		7D1A67941C72F4B400869758 /* s_bg@2x.png in Resources */ = {isa = PBXBuildFile; fileRef = 7D1A67441C72F4B400869758 /* s_bg@2x.png */; };
		7D1A67951C72F4B400869758 /* w_bg.png in Resources */ = {isa = PBXBuildFile; fileRef = 7D1A67461C72F4B400869758 /* w_bg.png */; };
		7D1A67961C72F4B400869758 /* w_bg2@2x.png in Resources */ = {isa = PBXBuildFile; fileRef = 7D1A67471C72F4B400869758 /* w_bg2@2x.png */; };
		7D1A67971C72F4B400869758 /* w_cloud.png in Resources */ = {isa = PBXBuildFile; fileRef = 7D1A67481C72F4B400869758 /* w_cloud.png */; };
		7D1A67981C72F4B400869758 /* w_duoyun.png in Resources */ = {isa = PBXBuildFile; fileRef = 7D1A67491C72F4B400869758 /* w_duoyun.png */; };
		7D1A67991C72F4B400869758 /* w_moon1.png in Resources */ = {isa = PBXBuildFile; fileRef = 7D1A674A1C72F4B400869758 /* w_moon1.png */; };
		7D1A679A1C72F4B400869758 /* w_moon2.png in Resources */ = {isa = PBXBuildFile; fileRef = 7D1A674B1C72F4B400869758 /* w_moon2.png */; };
		7D1A679B1C72F4B400869758 /* w_night.png in Resources */ = {isa = PBXBuildFile; fileRef = 7D1A674C1C72F4B400869758 /* w_night.png */; };
		7D1A679C1C72F4B400869758 /* w_qing.png in Resources */ = {isa = PBXBuildFile; fileRef = 7D1A674D1C72F4B400869758 /* w_qing.png */; };
		7D1A679D1C72F4B400869758 /* w_rain.png in Resources */ = {isa = PBXBuildFile; fileRef = 7D1A674E1C72F4B400869758 /* w_rain.png */; };
		7D1A679E1C72F4B400869758 /* w_sun1.png in Resources */ = {isa = PBXBuildFile; fileRef = 7D1A674F1C72F4B400869758 /* w_sun1.png */; };
		7D1A679F1C72F4B400869758 /* w_sun2.png in Resources */ = {isa = PBXBuildFile; fileRef = 7D1A67501C72F4B400869758 /* w_sun2.png */; };
		7D1A67A01C72F4B400869758 /* w_tip.png in Resources */ = {isa = PBXBuildFile; fileRef = 7D1A67511C72F4B400869758 /* w_tip.png */; };
		7D1A67A11C72F4B400869758 /* w_xq1.png in Resources */ = {isa = PBXBuildFile; fileRef = 7D1A67521C72F4B400869758 /* w_xq1.png */; };
		7D1A67A21C72F4B400869758 /* w_xq2.png in Resources */ = {isa = PBXBuildFile; fileRef = 7D1A67531C72F4B400869758 /* w_xq2.png */; };
		7D1A67A31C72F4B400869758 /* w_yin.png in Resources */ = {isa = PBXBuildFile; fileRef = 7D1A67541C72F4B400869758 /* w_yin.png */; };
		7D1A67A41C72F4B400869758 /* w_yu.png in Resources */ = {isa = PBXBuildFile; fileRef = 7D1A67551C72F4B400869758 /* w_yu.png */; };
		7D1A67A51C72F4B400869758 /* xx1.png in Resources */ = {isa = PBXBuildFile; fileRef = 7D1A67561C72F4B400869758 /* xx1.png */; };
		7D1A67A61C72F4B400869758 /* xx2.png in Resources */ = {isa = PBXBuildFile; fileRef = 7D1A67571C72F4B400869758 /* xx2.png */; };
		7D1A67A91C72FF6000869758 /* ZYButton.m in Sources */ = {isa = PBXBuildFile; fileRef = 7D1A67A81C72FF6000869758 /* ZYButton.m */; };
		7D1A67AC1C73030600869758 /* ZYImageView.m in Sources */ = {isa = PBXBuildFile; fileRef = 7D1A67AB1C73030600869758 /* ZYImageView.m */; };
		7D1A67AF1C73177800869758 /* MainViewController.m in Sources */ = {isa = PBXBuildFile; fileRef = 7D1A67AE1C73177800869758 /* MainViewController.m */; };
		7D60A4421C744639009D9687 /* WeatherViewController.m in Sources */ = {isa = PBXBuildFile; fileRef = 7D60A4411C744639009D9687 /* WeatherViewController.m */; };
		7D60A4451C74464B009D9687 /* CityViewController.m in Sources */ = {isa = PBXBuildFile; fileRef = 7D60A4441C74464B009D9687 /* CityViewController.m */; };
		7D60A4481C74465D009D9687 /* NewsViewController.m in Sources */ = {isa = PBXBuildFile; fileRef = 7D60A4471C74465D009D9687 /* NewsViewController.m */; };
		7D60A44B1C74466F009D9687 /* SearchViewController.m in Sources */ = {isa = PBXBuildFile; fileRef = 7D60A44A1C74466F009D9687 /* SearchViewController.m */; };
		7D60A44E1C755958009D9687 /* DetailNewsView.m in Sources */ = {isa = PBXBuildFile; fileRef = 7D60A44D1C755958009D9687 /* DetailNewsView.m */; };
		7D67BF261C7C5FD200179981 /* CloudView.m in Sources */ = {isa = PBXBuildFile; fileRef = 7D67BF251C7C5FD200179981 /* CloudView.m */; };
		7D67BF291C7C5FDF00179981 /* RainView.m in Sources */ = {isa = PBXBuildFile; fileRef = 7D67BF281C7C5FDF00179981 /* RainView.m */; };
		7D7F90A21C7AA466008243CF /* WeatherView.m in Sources */ = {isa = PBXBuildFile; fileRef = 7D7F90A11C7AA466008243CF /* WeatherView.m */; };
		7D7F90A51C7AB4D6008243CF /* SunOrMoonView.m in Sources */ = {isa = PBXBuildFile; fileRef = 7D7F90A41C7AB4D6008243CF /* SunOrMoonView.m */; };
/* End PBXBuildFile section */

/* Begin PBXContainerItemProxy section */
		7D1A66ED1C72F3F400869758 /* PBXContainerItemProxy */ = {
			isa = PBXContainerItemProxy;
			containerPortal = 7D1A66C51C72F3F400869758 /* Project object */;
			proxyType = 1;
			remoteGlobalIDString = 7D1A66CC1C72F3F400869758;
			remoteInfo = YiBai67Test;
		};
/* End PBXContainerItemProxy section */

/* Begin PBXFileReference section */
		7D1A66CD1C72F3F400869758 /* YiBai67Test.app */ = {isa = PBXFileReference; explicitFileType = wrapper.application; includeInIndex = 0; path = YiBai67Test.app; sourceTree = BUILT_PRODUCTS_DIR; };
		7D1A66D01C72F3F400869758 /* Foundation.framework */ = {isa = PBXFileReference; lastKnownFileType = wrapper.framework; name = Foundation.framework; path = System/Library/Frameworks/Foundation.framework; sourceTree = SDKROOT; };
		7D1A66D21C72F3F400869758 /* CoreGraphics.framework */ = {isa = PBXFileReference; lastKnownFileType = wrapper.framework; name = CoreGraphics.framework; path = System/Library/Frameworks/CoreGraphics.framework; sourceTree = SDKROOT; };
		7D1A66D41C72F3F400869758 /* UIKit.framework */ = {isa = PBXFileReference; lastKnownFileType = wrapper.framework; name = UIKit.framework; path = System/Library/Frameworks/UIKit.framework; sourceTree = SDKROOT; };
		7D1A66D81C72F3F400869758 /* YiBai67Test-Info.plist */ = {isa = PBXFileReference; lastKnownFileType = text.plist.xml; path = "YiBai67Test-Info.plist"; sourceTree = "<group>"; };
		7D1A66DA1C72F3F400869758 /* en */ = {isa = PBXFileReference; lastKnownFileType = text.plist.strings; name = en; path = en.lproj/InfoPlist.strings; sourceTree = "<group>"; };
		7D1A66DC1C72F3F400869758 /* main.m */ = {isa = PBXFileReference; lastKnownFileType = sourcecode.c.objc; path = main.m; sourceTree = "<group>"; };
		7D1A66DE1C72F3F400869758 /* YiBai67Test-Prefix.pch */ = {isa = PBXFileReference; lastKnownFileType = sourcecode.c.h; path = "YiBai67Test-Prefix.pch"; sourceTree = "<group>"; };
		7D1A66DF1C72F3F400869758 /* AppDelegate.h */ = {isa = PBXFileReference; lastKnownFileType = sourcecode.c.h; path = AppDelegate.h; sourceTree = "<group>"; };
		7D1A66E01C72F3F400869758 /* AppDelegate.m */ = {isa = PBXFileReference; lastKnownFileType = sourcecode.c.objc; path = AppDelegate.m; sourceTree = "<group>"; };
		7D1A66E21C72F3F400869758 /* Images.xcassets */ = {isa = PBXFileReference; lastKnownFileType = folder.assetcatalog; path = Images.xcassets; sourceTree = "<group>"; };
		7D1A66E81C72F3F400869758 /* YiBai67TestTests.xctest */ = {isa = PBXFileReference; explicitFileType = wrapper.cfbundle; includeInIndex = 0; path = YiBai67TestTests.xctest; sourceTree = BUILT_PRODUCTS_DIR; };
		7D1A66E91C72F3F400869758 /* XCTest.framework */ = {isa = PBXFileReference; lastKnownFileType = wrapper.framework; name = XCTest.framework; path = Library/Frameworks/XCTest.framework; sourceTree = DEVELOPER_DIR; };
		7D1A66F11C72F3F400869758 /* YiBai67TestTests-Info.plist */ = {isa = PBXFileReference; lastKnownFileType = text.plist.xml; path = "YiBai67TestTests-Info.plist"; sourceTree = "<group>"; };
		7D1A66F31C72F3F400869758 /* en */ = {isa = PBXFileReference; lastKnownFileType = text.plist.strings; name = en; path = en.lproj/InfoPlist.strings; sourceTree = "<group>"; };
		7D1A66F51C72F3F400869758 /* YiBai67TestTests.m */ = {isa = PBXFileReference; lastKnownFileType = sourcecode.c.objc; path = YiBai67TestTests.m; sourceTree = "<group>"; };
		7D1A66FF1C72F44300869758 /* PasswordViewController.h */ = {isa = PBXFileReference; fileEncoding = 4; lastKnownFileType = sourcecode.c.h; path = PasswordViewController.h; sourceTree = "<group>"; };
		7D1A67001C72F44300869758 /* PasswordViewController.m */ = {isa = PBXFileReference; fileEncoding = 4; lastKnownFileType = sourcecode.c.objc; path = PasswordViewController.m; sourceTree = "<group>"; };
		7D1A67031C72F4B400869758 /* back@2x.png */ = {isa = PBXFileReference; lastKnownFileType = image.png; path = "back@2x.png"; sourceTree = "<group>"; };
		7D1A67041C72F4B400869758 /* bg@2x.jpg */ = {isa = PBXFileReference; lastKnownFileType = image.jpeg; path = "bg@2x.jpg"; sourceTree = "<group>"; };
		7D1A67051C72F4B400869758 /* c_item0@2x.jpg */ = {isa = PBXFileReference; lastKnownFileType = image.jpeg; path = "c_item0@2x.jpg"; sourceTree = "<group>"; };
		7D1A67061C72F4B400869758 /* c_item1@2x.jpg */ = {isa = PBXFileReference; lastKnownFileType = image.jpeg; path = "c_item1@2x.jpg"; sourceTree = "<group>"; };
		7D1A67071C72F4B400869758 /* c_item2@2x.jpg */ = {isa = PBXFileReference; lastKnownFileType = image.jpeg; path = "c_item2@2x.jpg"; sourceTree = "<group>"; };
		7D1A67081C72F4B400869758 /* c_item3@2x.jpg */ = {isa = PBXFileReference; lastKnownFileType = image.jpeg; path = "c_item3@2x.jpg"; sourceTree = "<group>"; };
		7D1A67091C72F4B400869758 /* c_item4@2x.jpg */ = {isa = PBXFileReference; lastKnownFileType = image.jpeg; path = "c_item4@2x.jpg"; sourceTree = "<group>"; };
		7D1A670B1C72F4B400869758 /* c_1.png */ = {isa = PBXFileReference; lastKnownFileType = image.png; path = c_1.png; sourceTree = "<group>"; };
		7D1A670C1C72F4B400869758 /* c_10.png */ = {isa = PBXFileReference; lastKnownFileType = image.png; path = c_10.png; sourceTree = "<group>"; };
		7D1A670D1C72F4B400869758 /* c_11.png */ = {isa = PBXFileReference; lastKnownFileType = image.png; path = c_11.png; sourceTree = "<group>"; };
		7D1A670E1C72F4B400869758 /* c_12.png */ = {isa = PBXFileReference; lastKnownFileType = image.png; path = c_12.png; sourceTree = "<group>"; };
		7D1A670F1C72F4B400869758 /* c_2.png */ = {isa = PBXFileReference; lastKnownFileType = image.png; path = c_2.png; sourceTree = "<group>"; };
		7D1A67101C72F4B400869758 /* c_3.png */ = {isa = PBXFileReference; lastKnownFileType = image.png; path = c_3.png; sourceTree = "<group>"; };
		7D1A67111C72F4B400869758 /* c_4.png */ = {isa = PBXFileReference; lastKnownFileType = image.png; path = c_4.png; sourceTree = "<group>"; };
		7D1A67121C72F4B400869758 /* c_5.png */ = {isa = PBXFileReference; lastKnownFileType = image.png; path = c_5.png; sourceTree = "<group>"; };
		7D1A67131C72F4B400869758 /* c_6.png */ = {isa = PBXFileReference; lastKnownFileType = image.png; path = c_6.png; sourceTree = "<group>"; };
		7D1A67141C72F4B400869758 /* c_7.png */ = {isa = PBXFileReference; lastKnownFileType = image.png; path = c_7.png; sourceTree = "<group>"; };
		7D1A67151C72F4B400869758 /* c_8.png */ = {isa = PBXFileReference; lastKnownFileType = image.png; path = c_8.png; sourceTree = "<group>"; };
		7D1A67161C72F4B400869758 /* c_9.png */ = {isa = PBXFileReference; lastKnownFileType = image.png; path = c_9.png; sourceTree = "<group>"; };
		7D1A67171C72F4B400869758 /* c_bg@2x.png */ = {isa = PBXFileReference; lastKnownFileType = image.png; path = "c_bg@2x.png"; sourceTree = "<group>"; };
		7D1A67181C72F4B400869758 /* c_setting0.png */ = {isa = PBXFileReference; lastKnownFileType = image.png; path = c_setting0.png; sourceTree = "<group>"; };
		7D1A67191C72F4B400869758 /* c_setting1.png */ = {isa = PBXFileReference; lastKnownFileType = image.png; path = c_setting1.png; sourceTree = "<group>"; };
		7D1A671A1C72F4B400869758 /* c_setting2.png */ = {isa = PBXFileReference; lastKnownFileType = image.png; path = c_setting2.png; sourceTree = "<group>"; };
		7D1A671B1C72F4B400869758 /* c_setting3.png */ = {isa = PBXFileReference; lastKnownFileType = image.png; path = c_setting3.png; sourceTree = "<group>"; };
		7D1A671C1C72F4B400869758 /* Icon.png */ = {isa = PBXFileReference; lastKnownFileType = image.png; path = Icon.png; sourceTree = "<group>"; };
		7D1A671E1C72F4B400869758 /* bg2.jpg */ = {isa = PBXFileReference; lastKnownFileType = image.jpeg; path = bg2.jpg; sourceTree = "<group>"; };
		7D1A671F1C72F4B400869758 /* m_item1.png */ = {isa = PBXFileReference; lastKnownFileType = image.png; path = m_item1.png; sourceTree = "<group>"; };
		7D1A67201C72F4B400869758 /* m_item2.png */ = {isa = PBXFileReference; lastKnownFileType = image.png; path = m_item2.png; sourceTree = "<group>"; };
		7D1A67211C72F4B400869758 /* m_item3.png */ = {isa = PBXFileReference; lastKnownFileType = image.png; path = m_item3.png; sourceTree = "<group>"; };
		7D1A67221C72F4B400869758 /* m_item4.png */ = {isa = PBXFileReference; lastKnownFileType = image.png; path = m_item4.png; sourceTree = "<group>"; };
		7D1A67241C72F4B400869758 /* commonNavBar@2x.png */ = {isa = PBXFileReference; lastKnownFileType = image.png; path = "commonNavBar@2x.png"; sourceTree = "<group>"; };
		7D1A67251C72F4B400869758 /* n_background@2x.png */ = {isa = PBXFileReference; lastKnownFileType = image.png; path = "n_background@2x.png"; sourceTree = "<group>"; };
		7D1A67261C72F4B400869758 /* n_menu@2x.png */ = {isa = PBXFileReference; lastKnownFileType = image.png; path = "n_menu@2x.png"; sourceTree = "<group>"; };
		7D1A67271C72F4B400869758 /* n_navBar@2x.png */ = {isa = PBXFileReference; lastKnownFileType = image.png; path = "n_navBar@2x.png"; sourceTree = "<group>"; };
		7D1A67281C72F4B400869758 /* news_1.png */ = {isa = PBXFileReference; lastKnownFileType = image.png; path = news_1.png; sourceTree = "<group>"; };
		7D1A67291C72F4B400869758 /* news_2.png */ = {isa = PBXFileReference; lastKnownFileType = image.png; path = news_2.png; sourceTree = "<group>"; };
		7D1A672A1C72F4B400869758 /* news_3.png */ = {isa = PBXFileReference; lastKnownFileType = image.png; path = news_3.png; sourceTree = "<group>"; };
		7D1A672B1C72F4B400869758 /* news_4.png */ = {isa = PBXFileReference; lastKnownFileType = image.png; path = news_4.png; sourceTree = "<group>"; };
		7D1A672C1C72F4B400869758 /* news_5.png */ = {isa = PBXFileReference; lastKnownFileType = image.png; path = news_5.png; sourceTree = "<group>"; };
		7D1A672D1C72F4B400869758 /* news_6.png */ = {isa = PBXFileReference; lastKnownFileType = image.png; path = news_6.png; sourceTree = "<group>"; };
		7D1A672F1C72F4B400869758 /* b_0.png */ = {isa = PBXFileReference; lastKnownFileType = image.png; path = b_0.png; sourceTree = "<group>"; };
		7D1A67301C72F4B400869758 /* b_1.png */ = {isa = PBXFileReference; lastKnownFileType = image.png; path = b_1.png; sourceTree = "<group>"; };
		7D1A67311C72F4B400869758 /* b_2.png */ = {isa = PBXFileReference; lastKnownFileType = image.png; path = b_2.png; sourceTree = "<group>"; };
		7D1A67321C72F4B400869758 /* b_3.png */ = {isa = PBXFileReference; lastKnownFileType = image.png; path = b_3.png; sourceTree = "<group>"; };
		7D1A67331C72F4B400869758 /* b_4.png */ = {isa = PBXFileReference; lastKnownFileType = image.png; path = b_4.png; sourceTree = "<group>"; };
		7D1A67341C72F4B400869758 /* b_5.png */ = {isa = PBXFileReference; lastKnownFileType = image.png; path = b_5.png; sourceTree = "<group>"; };
		7D1A67351C72F4B400869758 /* b_6.png */ = {isa = PBXFileReference; lastKnownFileType = image.png; path = b_6.png; sourceTree = "<group>"; };
		7D1A67361C72F4B400869758 /* b_7.png */ = {isa = PBXFileReference; lastKnownFileType = image.png; path = b_7.png; sourceTree = "<group>"; };
		7D1A67371C72F4B400869758 /* b_8.png */ = {isa = PBXFileReference; lastKnownFileType = image.png; path = b_8.png; sourceTree = "<group>"; };
		7D1A67381C72F4B400869758 /* b_9.png */ = {isa = PBXFileReference; lastKnownFileType = image.png; path = b_9.png; sourceTree = "<group>"; };
		7D1A673A1C72F4B400869758 /* s_0.png */ = {isa = PBXFileReference; lastKnownFileType = image.png; path = s_0.png; sourceTree = "<group>"; };
		7D1A673B1C72F4B400869758 /* s_1.png */ = {isa = PBXFileReference; lastKnownFileType = image.png; path = s_1.png; sourceTree = "<group>"; };
		7D1A673C1C72F4B400869758 /* s_2.png */ = {isa = PBXFileReference; lastKnownFileType = image.png; path = s_2.png; sourceTree = "<group>"; };
		7D1A673D1C72F4B400869758 /* s_3.png */ = {isa = PBXFileReference; lastKnownFileType = image.png; path = s_3.png; sourceTree = "<group>"; };
		7D1A673E1C72F4B400869758 /* s_4.png */ = {isa = PBXFileReference; lastKnownFileType = image.png; path = s_4.png; sourceTree = "<group>"; };
		7D1A673F1C72F4B400869758 /* s_5.png */ = {isa = PBXFileReference; lastKnownFileType = image.png; path = s_5.png; sourceTree = "<group>"; };
		7D1A67401C72F4B400869758 /* s_6.png */ = {isa = PBXFileReference; lastKnownFileType = image.png; path = s_6.png; sourceTree = "<group>"; };
		7D1A67411C72F4B400869758 /* s_7.png */ = {isa = PBXFileReference; lastKnownFileType = image.png; path = s_7.png; sourceTree = "<group>"; };
		7D1A67421C72F4B400869758 /* s_8.png */ = {isa = PBXFileReference; lastKnownFileType = image.png; path = s_8.png; sourceTree = "<group>"; };
		7D1A67431C72F4B400869758 /* s_9.png */ = {isa = PBXFileReference; lastKnownFileType = image.png; path = s_9.png; sourceTree = "<group>"; };
		7D1A67441C72F4B400869758 /* s_bg@2x.png */ = {isa = PBXFileReference; lastKnownFileType = image.png; path = "s_bg@2x.png"; sourceTree = "<group>"; };
		7D1A67461C72F4B400869758 /* w_bg.png */ = {isa = PBXFileReference; lastKnownFileType = image.png; path = w_bg.png; sourceTree = "<group>"; };
		7D1A67471C72F4B400869758 /* w_bg2@2x.png */ = {isa = PBXFileReference; lastKnownFileType = image.png; path = "w_bg2@2x.png"; sourceTree = "<group>"; };
		7D1A67481C72F4B400869758 /* w_cloud.png */ = {isa = PBXFileReference; lastKnownFileType = image.png; path = w_cloud.png; sourceTree = "<group>"; };
		7D1A67491C72F4B400869758 /* w_duoyun.png */ = {isa = PBXFileReference; lastKnownFileType = image.png; path = w_duoyun.png; sourceTree = "<group>"; };
		7D1A674A1C72F4B400869758 /* w_moon1.png */ = {isa = PBXFileReference; lastKnownFileType = image.png; path = w_moon1.png; sourceTree = "<group>"; };
		7D1A674B1C72F4B400869758 /* w_moon2.png */ = {isa = PBXFileReference; lastKnownFileType = image.png; path = w_moon2.png; sourceTree = "<group>"; };
		7D1A674C1C72F4B400869758 /* w_night.png */ = {isa = PBXFileReference; lastKnownFileType = image.png; path = w_night.png; sourceTree = "<group>"; };
		7D1A674D1C72F4B400869758 /* w_qing.png */ = {isa = PBXFileReference; lastKnownFileType = image.png; path = w_qing.png; sourceTree = "<group>"; };
		7D1A674E1C72F4B400869758 /* w_rain.png */ = {isa = PBXFileReference; lastKnownFileType = image.png; path = w_rain.png; sourceTree = "<group>"; };
		7D1A674F1C72F4B400869758 /* w_sun1.png */ = {isa = PBXFileReference; lastKnownFileType = image.png; path = w_sun1.png; sourceTree = "<group>"; };
		7D1A67501C72F4B400869758 /* w_sun2.png */ = {isa = PBXFileReference; lastKnownFileType = image.png; path = w_sun2.png; sourceTree = "<group>"; };
		7D1A67511C72F4B400869758 /* w_tip.png */ = {isa = PBXFileReference; lastKnownFileType = image.png; path = w_tip.png; sourceTree = "<group>"; };
		7D1A67521C72F4B400869758 /* w_xq1.png */ = {isa = PBXFileReference; lastKnownFileType = image.png; path = w_xq1.png; sourceTree = "<group>"; };
		7D1A67531C72F4B400869758 /* w_xq2.png */ = {isa = PBXFileReference; lastKnownFileType = image.png; path = w_xq2.png; sourceTree = "<group>"; };
		7D1A67541C72F4B400869758 /* w_yin.png */ = {isa = PBXFileReference; lastKnownFileType = image.png; path = w_yin.png; sourceTree = "<group>"; };
		7D1A67551C72F4B400869758 /* w_yu.png */ = {isa = PBXFileReference; lastKnownFileType = image.png; path = w_yu.png; sourceTree = "<group>"; };
		7D1A67561C72F4B400869758 /* xx1.png */ = {isa = PBXFileReference; lastKnownFileType = image.png; path = xx1.png; sourceTree = "<group>"; };
		7D1A67571C72F4B400869758 /* xx2.png */ = {isa = PBXFileReference; lastKnownFileType = image.png; path = xx2.png; sourceTree = "<group>"; };
		7D1A67A71C72FF6000869758 /* ZYButton.h */ = {isa = PBXFileReference; fileEncoding = 4; lastKnownFileType = sourcecode.c.h; path = ZYButton.h; sourceTree = "<group>"; };
		7D1A67A81C72FF6000869758 /* ZYButton.m */ = {isa = PBXFileReference; fileEncoding = 4; lastKnownFileType = sourcecode.c.objc; path = ZYButton.m; sourceTree = "<group>"; };
		7D1A67AA1C73030600869758 /* ZYImageView.h */ = {isa = PBXFileReference; fileEncoding = 4; lastKnownFileType = sourcecode.c.h; path = ZYImageView.h; sourceTree = "<group>"; };
		7D1A67AB1C73030600869758 /* ZYImageView.m */ = {isa = PBXFileReference; fileEncoding = 4; lastKnownFileType = sourcecode.c.objc; path = ZYImageView.m; sourceTree = "<group>"; };
		7D1A67AD1C73177800869758 /* MainViewController.h */ = {isa = PBXFileReference; fileEncoding = 4; lastKnownFileType = sourcecode.c.h; path = MainViewController.h; sourceTree = "<group>"; };
		7D1A67AE1C73177800869758 /* MainViewController.m */ = {isa = PBXFileReference; fileEncoding = 4; lastKnownFileType = sourcecode.c.objc; path = MainViewController.m; sourceTree = "<group>"; };
		7D60A4401C744639009D9687 /* WeatherViewController.h */ = {isa = PBXFileReference; fileEncoding = 4; lastKnownFileType = sourcecode.c.h; path = WeatherViewController.h; sourceTree = "<group>"; };
		7D60A4411C744639009D9687 /* WeatherViewController.m */ = {isa = PBXFileReference; fileEncoding = 4; lastKnownFileType = sourcecode.c.objc; path = WeatherViewController.m; sourceTree = "<group>"; };
		7D60A4431C74464B009D9687 /* CityViewController.h */ = {isa = PBXFileReference; fileEncoding = 4; lastKnownFileType = sourcecode.c.h; path = CityViewController.h; sourceTree = "<group>"; };
		7D60A4441C74464B009D9687 /* CityViewController.m */ = {isa = PBXFileReference; fileEncoding = 4; lastKnownFileType = sourcecode.c.objc; path = CityViewController.m; sourceTree = "<group>"; };
		7D60A4461C74465D009D9687 /* NewsViewController.h */ = {isa = PBXFileReference; fileEncoding = 4; lastKnownFileType = sourcecode.c.h; path = NewsViewController.h; sourceTree = "<group>"; };
		7D60A4471C74465D009D9687 /* NewsViewController.m */ = {isa = PBXFileReference; fileEncoding = 4; lastKnownFileType = sourcecode.c.objc; path = NewsViewController.m; sourceTree = "<group>"; };
		7D60A4491C74466F009D9687 /* SearchViewController.h */ = {isa = PBXFileReference; fileEncoding = 4; lastKnownFileType = sourcecode.c.h; path = SearchViewController.h; sourceTree = "<group>"; };
		7D60A44A1C74466F009D9687 /* SearchViewController.m */ = {isa = PBXFileReference; fileEncoding = 4; lastKnownFileType = sourcecode.c.objc; path = SearchViewController.m; sourceTree = "<group>"; };
		7D60A44C1C755958009D9687 /* DetailNewsView.h */ = {isa = PBXFileReference; fileEncoding = 4; lastKnownFileType = sourcecode.c.h; path = DetailNewsView.h; sourceTree = "<group>"; };
		7D60A44D1C755958009D9687 /* DetailNewsView.m */ = {isa = PBXFileReference; fileEncoding = 4; lastKnownFileType = sourcecode.c.objc; path = DetailNewsView.m; sourceTree = "<group>"; };
		7D67BF241C7C5FCB00179981 /* CloudView.h */ = {isa = PBXFileReference; fileEncoding = 4; lastKnownFileType = sourcecode.c.h; path = CloudView.h; sourceTree = "<group>"; };
		7D67BF251C7C5FD200179981 /* CloudView.m */ = {isa = PBXFileReference; fileEncoding = 4; lastKnownFileType = sourcecode.c.objc; path = CloudView.m; sourceTree = "<group>"; };
		7D67BF271C7C5FDA00179981 /* RainView.h */ = {isa = PBXFileReference; fileEncoding = 4; lastKnownFileType = sourcecode.c.h; path = RainView.h; sourceTree = "<group>"; };
		7D67BF281C7C5FDF00179981 /* RainView.m */ = {isa = PBXFileReference; fileEncoding = 4; lastKnownFileType = sourcecode.c.objc; path = RainView.m; sourceTree = "<group>"; };
		7D7F90A01C7AA466008243CF /* WeatherView.h */ = {isa = PBXFileReference; fileEncoding = 4; lastKnownFileType = sourcecode.c.h; path = WeatherView.h; sourceTree = "<group>"; };
		7D7F90A11C7AA466008243CF /* WeatherView.m */ = {isa = PBXFileReference; fileEncoding = 4; lastKnownFileType = sourcecode.c.objc; path = WeatherView.m; sourceTree = "<group>"; };
		7D7F90A31C7AB4D6008243CF /* SunOrMoonView.h */ = {isa = PBXFileReference; fileEncoding = 4; lastKnownFileType = sourcecode.c.h; path = SunOrMoonView.h; sourceTree = "<group>"; };
		7D7F90A41C7AB4D6008243CF /* SunOrMoonView.m */ = {isa = PBXFileReference; fileEncoding = 4; lastKnownFileType = sourcecode.c.objc; path = SunOrMoonView.m; sourceTree = "<group>"; };
/* End PBXFileReference section */

/* Begin PBXFrameworksBuildPhase section */
		7D1A66CA1C72F3F400869758 /* Frameworks */ = {
			isa = PBXFrameworksBuildPhase;
			buildActionMask = 2147483647;
			files = (
				7D1A66D31C72F3F400869758 /* CoreGraphics.framework in Frameworks */,
				7D1A66D51C72F3F400869758 /* UIKit.framework in Frameworks */,
				7D1A66D11C72F3F400869758 /* Foundation.framework in Frameworks */,
			);
			runOnlyForDeploymentPostprocessing = 0;
		};
		7D1A66E51C72F3F400869758 /* Frameworks */ = {
			isa = PBXFrameworksBuildPhase;
			buildActionMask = 2147483647;
			files = (
				7D1A66EA1C72F3F400869758 /* XCTest.framework in Frameworks */,
				7D1A66EC1C72F3F400869758 /* UIKit.framework in Frameworks */,
				7D1A66EB1C72F3F400869758 /* Foundation.framework in Frameworks */,
			);
			runOnlyForDeploymentPostprocessing = 0;
		};
/* End PBXFrameworksBuildPhase section */

/* Begin PBXGroup section */
		7D1A66C41C72F3F400869758 = {
			isa = PBXGroup;
			children = (
				7D1A66D61C72F3F400869758 /* YiBai67Test */,
				7D1A66EF1C72F3F400869758 /* YiBai67TestTests */,
				7D1A66CF1C72F3F400869758 /* Frameworks */,
				7D1A66CE1C72F3F400869758 /* Products */,
			);
			sourceTree = "<group>";
		};
		7D1A66CE1C72F3F400869758 /* Products */ = {
			isa = PBXGroup;
			children = (
				7D1A66CD1C72F3F400869758 /* YiBai67Test.app */,
				7D1A66E81C72F3F400869758 /* YiBai67TestTests.xctest */,
			);
			name = Products;
			sourceTree = "<group>";
		};
		7D1A66CF1C72F3F400869758 /* Frameworks */ = {
			isa = PBXGroup;
			children = (
				7D1A66D01C72F3F400869758 /* Foundation.framework */,
				7D1A66D21C72F3F400869758 /* CoreGraphics.framework */,
				7D1A66D41C72F3F400869758 /* UIKit.framework */,
				7D1A66E91C72F3F400869758 /* XCTest.framework */,
			);
			name = Frameworks;
			sourceTree = "<group>";
		};
		7D1A66D61C72F3F400869758 /* YiBai67Test */ = {
			isa = PBXGroup;
			children = (
				7D1A66DF1C72F3F400869758 /* AppDelegate.h */,
				7D1A66E01C72F3F400869758 /* AppDelegate.m */,
				7D1A66FF1C72F44300869758 /* PasswordViewController.h */,
				7D1A67001C72F44300869758 /* PasswordViewController.m */,
				7D1A67AD1C73177800869758 /* MainViewController.h */,
				7D1A67AE1C73177800869758 /* MainViewController.m */,
				7D43CD5A1C75717C0097A995 /* 天气 */,
				7D43CD591C75716F0097A995 /* 城市 */,
				7D43CD581C7571630097A995 /* 新闻 */,
				7D43CD571C7571540097A995 /* 搜索 */,
				7D60A43F1C744613009D9687 /* 自定义类 */,
				7D1A67021C72F4B400869758 /* images */,
				7D1A66E21C72F3F400869758 /* Images.xcassets */,
				7D1A66D71C72F3F400869758 /* Supporting Files */,
			);
			path = YiBai67Test;
			sourceTree = "<group>";
		};
		7D1A66D71C72F3F400869758 /* Supporting Files */ = {
			isa = PBXGroup;
			children = (
				7D1A66D81C72F3F400869758 /* YiBai67Test-Info.plist */,
				7D1A66D91C72F3F400869758 /* InfoPlist.strings */,
				7D1A66DC1C72F3F400869758 /* main.m */,
				7D1A66DE1C72F3F400869758 /* YiBai67Test-Prefix.pch */,
			);
			name = "Supporting Files";
			sourceTree = "<group>";
		};
		7D1A66EF1C72F3F400869758 /* YiBai67TestTests */ = {
			isa = PBXGroup;
			children = (
				7D1A66F51C72F3F400869758 /* YiBai67TestTests.m */,
				7D1A66F01C72F3F400869758 /* Supporting Files */,
			);
			path = YiBai67TestTests;
			sourceTree = "<group>";
		};
		7D1A66F01C72F3F400869758 /* Supporting Files */ = {
			isa = PBXGroup;
			children = (
				7D1A66F11C72F3F400869758 /* YiBai67TestTests-Info.plist */,
				7D1A66F21C72F3F400869758 /* InfoPlist.strings */,
			);
			name = "Supporting Files";
			sourceTree = "<group>";
		};
		7D1A67021C72F4B400869758 /* images */ = {
			isa = PBXGroup;
			children = (
				7D1A67031C72F4B400869758 /* back@2x.png */,
				7D1A67041C72F4B400869758 /* bg@2x.jpg */,
				7D1A67051C72F4B400869758 /* c_item0@2x.jpg */,
				7D1A67061C72F4B400869758 /* c_item1@2x.jpg */,
				7D1A67071C72F4B400869758 /* c_item2@2x.jpg */,
				7D1A67081C72F4B400869758 /* c_item3@2x.jpg */,
				7D1A67091C72F4B400869758 /* c_item4@2x.jpg */,
				7D1A670A1C72F4B400869758 /* city_tu */,
				7D1A671C1C72F4B400869758 /* Icon.png */,
				7D1A671D1C72F4B400869758 /* main */,
				7D1A67231C72F4B400869758 /* news */,
				7D1A672E1C72F4B400869758 /* num_big */,
				7D1A67391C72F4B400869758 /* num_small */,
				7D1A67441C72F4B400869758 /* s_bg@2x.png */,
				7D1A67451C72F4B400869758 /* weather */,
				7D1A67561C72F4B400869758 /* xx1.png */,
				7D1A67571C72F4B400869758 /* xx2.png */,
			);
			path = images;
			sourceTree = "<group>";
		};
		7D1A670A1C72F4B400869758 /* city_tu */ = {
			isa = PBXGroup;
			children = (
				7D1A670B1C72F4B400869758 /* c_1.png */,
				7D1A670C1C72F4B400869758 /* c_10.png */,
				7D1A670D1C72F4B400869758 /* c_11.png */,
				7D1A670E1C72F4B400869758 /* c_12.png */,
				7D1A670F1C72F4B400869758 /* c_2.png */,
				7D1A67101C72F4B400869758 /* c_3.png */,
				7D1A67111C72F4B400869758 /* c_4.png */,
				7D1A67121C72F4B400869758 /* c_5.png */,
				7D1A67131C72F4B400869758 /* c_6.png */,
				7D1A67141C72F4B400869758 /* c_7.png */,
				7D1A67151C72F4B400869758 /* c_8.png */,
				7D1A67161C72F4B400869758 /* c_9.png */,
				7D1A67171C72F4B400869758 /* c_bg@2x.png */,
				7D1A67181C72F4B400869758 /* c_setting0.png */,
				7D1A67191C72F4B400869758 /* c_setting1.png */,
				7D1A671A1C72F4B400869758 /* c_setting2.png */,
				7D1A671B1C72F4B400869758 /* c_setting3.png */,
			);
			path = city_tu;
			sourceTree = "<group>";
		};
		7D1A671D1C72F4B400869758 /* main */ = {
			isa = PBXGroup;
			children = (
				7D1A671E1C72F4B400869758 /* bg2.jpg */,
				7D1A671F1C72F4B400869758 /* m_item1.png */,
				7D1A67201C72F4B400869758 /* m_item2.png */,
				7D1A67211C72F4B400869758 /* m_item3.png */,
				7D1A67221C72F4B400869758 /* m_item4.png */,
			);
			path = main;
			sourceTree = "<group>";
		};
		7D1A67231C72F4B400869758 /* news */ = {
			isa = PBXGroup;
			children = (
				7D1A67241C72F4B400869758 /* commonNavBar@2x.png */,
				7D1A67251C72F4B400869758 /* n_background@2x.png */,
				7D1A67261C72F4B400869758 /* n_menu@2x.png */,
				7D1A67271C72F4B400869758 /* n_navBar@2x.png */,
				7D1A67281C72F4B400869758 /* news_1.png */,
				7D1A67291C72F4B400869758 /* news_2.png */,
				7D1A672A1C72F4B400869758 /* news_3.png */,
				7D1A672B1C72F4B400869758 /* news_4.png */,
				7D1A672C1C72F4B400869758 /* news_5.png */,
				7D1A672D1C72F4B400869758 /* news_6.png */,
			);
			path = news;
			sourceTree = "<group>";
		};
		7D1A672E1C72F4B400869758 /* num_big */ = {
			isa = PBXGroup;
			children = (
				7D1A672F1C72F4B400869758 /* b_0.png */,
				7D1A67301C72F4B400869758 /* b_1.png */,
				7D1A67311C72F4B400869758 /* b_2.png */,
				7D1A67321C72F4B400869758 /* b_3.png */,
				7D1A67331C72F4B400869758 /* b_4.png */,
				7D1A67341C72F4B400869758 /* b_5.png */,
				7D1A67351C72F4B400869758 /* b_6.png */,
				7D1A67361C72F4B400869758 /* b_7.png */,
				7D1A67371C72F4B400869758 /* b_8.png */,
				7D1A67381C72F4B400869758 /* b_9.png */,
			);
			path = num_big;
			sourceTree = "<group>";
		};
		7D1A67391C72F4B400869758 /* num_small */ = {
			isa = PBXGroup;
			children = (
				7D1A673A1C72F4B400869758 /* s_0.png */,
				7D1A673B1C72F4B400869758 /* s_1.png */,
				7D1A673C1C72F4B400869758 /* s_2.png */,
				7D1A673D1C72F4B400869758 /* s_3.png */,
				7D1A673E1C72F4B400869758 /* s_4.png */,
				7D1A673F1C72F4B400869758 /* s_5.png */,
				7D1A67401C72F4B400869758 /* s_6.png */,
				7D1A67411C72F4B400869758 /* s_7.png */,
				7D1A67421C72F4B400869758 /* s_8.png */,
				7D1A67431C72F4B400869758 /* s_9.png */,
			);
			path = num_small;
			sourceTree = "<group>";
		};
		7D1A67451C72F4B400869758 /* weather */ = {
			isa = PBXGroup;
			children = (
				7D1A67461C72F4B400869758 /* w_bg.png */,
				7D1A67471C72F4B400869758 /* w_bg2@2x.png */,
				7D1A67481C72F4B400869758 /* w_cloud.png */,
				7D1A67491C72F4B400869758 /* w_duoyun.png */,
				7D1A674A1C72F4B400869758 /* w_moon1.png */,
				7D1A674B1C72F4B400869758 /* w_moon2.png */,
				7D1A674C1C72F4B400869758 /* w_night.png */,
				7D1A674D1C72F4B400869758 /* w_qing.png */,
				7D1A674E1C72F4B400869758 /* w_rain.png */,
				7D1A674F1C72F4B400869758 /* w_sun1.png */,
				7D1A67501C72F4B400869758 /* w_sun2.png */,
				7D1A67511C72F4B400869758 /* w_tip.png */,
				7D1A67521C72F4B400869758 /* w_xq1.png */,
				7D1A67531C72F4B400869758 /* w_xq2.png */,
				7D1A67541C72F4B400869758 /* w_yin.png */,
				7D1A67551C72F4B400869758 /* w_yu.png */,
			);
			path = weather;
			sourceTree = "<group>";
		};
		7D43CD571C7571540097A995 /* 搜索 */ = {
			isa = PBXGroup;
			children = (
				7D60A4491C74466F009D9687 /* SearchViewController.h */,
				7D60A44A1C74466F009D9687 /* SearchViewController.m */,
			);
			name = "搜索";
			sourceTree = "<group>";
		};
		7D43CD581C7571630097A995 /* 新闻 */ = {
			isa = PBXGroup;
			children = (
				7D60A4461C74465D009D9687 /* NewsViewController.h */,
				7D60A4471C74465D009D9687 /* NewsViewController.m */,
				7D60A44C1C755958009D9687 /* DetailNewsView.h */,
				7D60A44D1C755958009D9687 /* DetailNewsView.m */,
			);
			name = "新闻";
			sourceTree = "<group>";
		};
		7D43CD591C75716F0097A995 /* 城市 */ = {
			isa = PBXGroup;
			children = (
				7D60A4431C74464B009D9687 /* CityViewController.h */,
				7D60A4441C74464B009D9687 /* CityViewController.m */,
			);
			name = "城市";
			sourceTree = "<group>";
		};
		7D43CD5A1C75717C0097A995 /* 天气 */ = {
			isa = PBXGroup;
			children = (
				7D60A4401C744639009D9687 /* WeatherViewController.h */,
				7D60A4411C744639009D9687 /* WeatherViewController.m */,
				7D7F90A01C7AA466008243CF /* WeatherView.h */,
				7D7F90A11C7AA466008243CF /* WeatherView.m */,
				7D7F90A31C7AB4D6008243CF /* SunOrMoonView.h */,
				7D7F90A41C7AB4D6008243CF /* SunOrMoonView.m */,
				7D67BF241C7C5FCB00179981 /* CloudView.h */,
				7D67BF251C7C5FD200179981 /* CloudView.m */,
				7D67BF271C7C5FDA00179981 /* RainView.h */,
				7D67BF281C7C5FDF00179981 /* RainView.m */,
			);
			name = "天气";
			sourceTree = "<group>";
		};
		7D60A43F1C744613009D9687 /* 自定义类 */ = {
			isa = PBXGroup;
			children = (
				7D1A67A71C72FF6000869758 /* ZYButton.h */,
				7D1A67A81C72FF6000869758 /* ZYButton.m */,
				7D1A67AA1C73030600869758 /* ZYImageView.h */,
				7D1A67AB1C73030600869758 /* ZYImageView.m */,
			);
			name = "自定义类";
			sourceTree = "<group>";
		};
/* End PBXGroup section */

/* Begin PBXNativeTarget section */
		7D1A66CC1C72F3F400869758 /* YiBai67Test */ = {
			isa = PBXNativeTarget;
			buildConfigurationList = 7D1A66F91C72F3F400869758 /* Build configuration list for PBXNativeTarget "YiBai67Test" */;
			buildPhases = (
				7D1A66C91C72F3F400869758 /* Sources */,
				7D1A66CA1C72F3F400869758 /* Frameworks */,
				7D1A66CB1C72F3F400869758 /* Resources */,
			);
			buildRules = (
			);
			dependencies = (
			);
			name = YiBai67Test;
			productName = YiBai67Test;
			productReference = 7D1A66CD1C72F3F400869758 /* YiBai67Test.app */;
			productType = "com.apple.product-type.application";
		};
		7D1A66E71C72F3F400869758 /* YiBai67TestTests */ = {
			isa = PBXNativeTarget;
			buildConfigurationList = 7D1A66FC1C72F3F400869758 /* Build configuration list for PBXNativeTarget "YiBai67TestTests" */;
			buildPhases = (
				7D1A66E41C72F3F400869758 /* Sources */,
				7D1A66E51C72F3F400869758 /* Frameworks */,
				7D1A66E61C72F3F400869758 /* Resources */,
			);
			buildRules = (
			);
			dependencies = (
				7D1A66EE1C72F3F400869758 /* PBXTargetDependency */,
			);
			name = YiBai67TestTests;
			productName = YiBai67TestTests;
			productReference = 7D1A66E81C72F3F400869758 /* YiBai67TestTests.xctest */;
			productType = "com.apple.product-type.bundle.unit-test";
		};
/* End PBXNativeTarget section */

/* Begin PBXProject section */
		7D1A66C51C72F3F400869758 /* Project object */ = {
			isa = PBXProject;
			attributes = {
				LastUpgradeCheck = 0510;
				ORGANIZATIONNAME = zhiyou;
				TargetAttributes = {
					7D1A66E71C72F3F400869758 = {
						TestTargetID = 7D1A66CC1C72F3F400869758;
					};
				};
			};
			buildConfigurationList = 7D1A66C81C72F3F400869758 /* Build configuration list for PBXProject "YiBai67Test" */;
			compatibilityVersion = "Xcode 3.2";
			developmentRegion = English;
			hasScannedForEncodings = 0;
			knownRegions = (
				en,
			);
			mainGroup = 7D1A66C41C72F3F400869758;
			productRefGroup = 7D1A66CE1C72F3F400869758 /* Products */;
			projectDirPath = "";
			projectRoot = "";
			targets = (
				7D1A66CC1C72F3F400869758 /* YiBai67Test */,
				7D1A66E71C72F3F400869758 /* YiBai67TestTests */,
			);
		};
/* End PBXProject section */

/* Begin PBXResourcesBuildPhase section */
		7D1A66CB1C72F3F400869758 /* Resources */ = {
			isa = PBXResourcesBuildPhase;
			buildActionMask = 2147483647;
			files = (
				7D1A67851C72F4B400869758 /* b_5.png in Resources */,
				7D1A67801C72F4B400869758 /* b_0.png in Resources */,
				7D1A67921C72F4B400869758 /* s_8.png in Resources */,
				7D1A677C1C72F4B400869758 /* news_3.png in Resources */,
				7D1A67701C72F4B400869758 /* Icon.png in Resources */,
				7D1A679D1C72F4B400869758 /* w_rain.png in Resources */,
				7D1A67891C72F4B400869758 /* b_9.png in Resources */,
				7D1A67671C72F4B400869758 /* c_6.png in Resources */,
				7D1A67651C72F4B400869758 /* c_4.png in Resources */,
				7D1A679A1C72F4B400869758 /* w_moon2.png in Resources */,
				7D1A67771C72F4B400869758 /* n_background@2x.png in Resources */,
				7D1A678A1C72F4B400869758 /* s_0.png in Resources */,
				7D1A67A41C72F4B400869758 /* w_yu.png in Resources */,
				7D1A677D1C72F4B400869758 /* news_4.png in Resources */,
				7D1A66DB1C72F3F400869758 /* InfoPlist.strings in Resources */,
				7D1A676B1C72F4B400869758 /* c_bg@2x.png in Resources */,
				7D1A67901C72F4B400869758 /* s_6.png in Resources */,
				7D1A678E1C72F4B400869758 /* s_4.png in Resources */,
				7D1A675F1C72F4B400869758 /* c_1.png in Resources */,
				7D1A67691C72F4B400869758 /* c_8.png in Resources */,
				7D1A67A21C72F4B400869758 /* w_xq2.png in Resources */,
				7D1A67761C72F4B400869758 /* commonNavBar@2x.png in Resources */,
				7D1A678B1C72F4B400869758 /* s_1.png in Resources */,
				7D1A67731C72F4B400869758 /* m_item2.png in Resources */,
				7D1A67871C72F4B400869758 /* b_7.png in Resources */,
				7D1A679E1C72F4B400869758 /* w_sun1.png in Resources */,
				7D1A67981C72F4B400869758 /* w_duoyun.png in Resources */,
				7D1A67A51C72F4B400869758 /* xx1.png in Resources */,
				7D1A67961C72F4B400869758 /* w_bg2@2x.png in Resources */,
				7D1A67601C72F4B400869758 /* c_10.png in Resources */,
				7D1A677A1C72F4B400869758 /* news_1.png in Resources */,
				7D1A67661C72F4B400869758 /* c_5.png in Resources */,
				7D1A675A1C72F4B400869758 /* c_item0@2x.jpg in Resources */,
				7D1A67861C72F4B400869758 /* b_6.png in Resources */,
				7D1A67951C72F4B400869758 /* w_bg.png in Resources */,
				7D1A67A11C72F4B400869758 /* w_xq1.png in Resources */,
				7D1A678D1C72F4B400869758 /* s_3.png in Resources */,
				7D1A67631C72F4B400869758 /* c_2.png in Resources */,
				7D1A67781C72F4B400869758 /* n_menu@2x.png in Resources */,
				7D1A66E31C72F3F400869758 /* Images.xcassets in Resources */,
				7D1A67A31C72F4B400869758 /* w_yin.png in Resources */,
				7D1A677B1C72F4B400869758 /* news_2.png in Resources */,
				7D1A67751C72F4B400869758 /* m_item4.png in Resources */,
				7D1A67A01C72F4B400869758 /* w_tip.png in Resources */,
				7D1A675D1C72F4B400869758 /* c_item3@2x.jpg in Resources */,
				7D1A67581C72F4B400869758 /* back@2x.png in Resources */,
				7D1A67841C72F4B400869758 /* b_4.png in Resources */,
				7D1A675C1C72F4B400869758 /* c_item2@2x.jpg in Resources */,
				7D1A67641C72F4B400869758 /* c_3.png in Resources */,
				7D1A679C1C72F4B400869758 /* w_qing.png in Resources */,
				7D1A676C1C72F4B400869758 /* c_setting0.png in Resources */,
				7D1A67711C72F4B400869758 /* bg2.jpg in Resources */,
				7D1A67991C72F4B400869758 /* w_moon1.png in Resources */,
				7D1A67811C72F4B400869758 /* b_1.png in Resources */,
				7D1A677F1C72F4B400869758 /* news_6.png in Resources */,
				7D1A67591C72F4B400869758 /* bg@2x.jpg in Resources */,
				7D1A677E1C72F4B400869758 /* news_5.png in Resources */,
				7D1A67831C72F4B400869758 /* b_3.png in Resources */,
				7D1A67741C72F4B400869758 /* m_item3.png in Resources */,
				7D1A675B1C72F4B400869758 /* c_item1@2x.jpg in Resources */,
				7D1A676D1C72F4B400869758 /* c_setting1.png in Resources */,
				7D1A675E1C72F4B400869758 /* c_item4@2x.jpg in Resources */,
				7D1A676E1C72F4B400869758 /* c_setting2.png in Resources */,
				7D1A67931C72F4B400869758 /* s_9.png in Resources */,
				7D1A67721C72F4B400869758 /* m_item1.png in Resources */,
				7D1A679B1C72F4B400869758 /* w_night.png in Resources */,
				7D1A67A61C72F4B400869758 /* xx2.png in Resources */,
				7D1A678C1C72F4B400869758 /* s_2.png in Resources */,
				7D1A678F1C72F4B400869758 /* s_5.png in Resources */,
				7D1A67911C72F4B400869758 /* s_7.png in Resources */,
				7D1A67611C72F4B400869758 /* c_11.png in Resources */,
				7D1A67821C72F4B400869758 /* b_2.png in Resources */,
				7D1A679F1C72F4B400869758 /* w_sun2.png in Resources */,
				7D1A67791C72F4B400869758 /* n_navBar@2x.png in Resources */,
				7D1A67971C72F4B400869758 /* w_cloud.png in Resources */,
				7D1A676F1C72F4B400869758 /* c_setting3.png in Resources */,
				7D1A676A1C72F4B400869758 /* c_9.png in Resources */,
				7D1A67941C72F4B400869758 /* s_bg@2x.png in Resources */,
				7D1A67881C72F4B400869758 /* b_8.png in Resources */,
				7D1A67681C72F4B400869758 /* c_7.png in Resources */,
				7D1A67621C72F4B400869758 /* c_12.png in Resources */,
			);
			runOnlyForDeploymentPostprocessing = 0;
		};
		7D1A66E61C72F3F400869758 /* Resources */ = {
			isa = PBXResourcesBuildPhase;
			buildActionMask = 2147483647;
			files = (
				7D1A66F41C72F3F400869758 /* InfoPlist.strings in Resources */,
			);
			runOnlyForDeploymentPostprocessing = 0;
		};
/* End PBXResourcesBuildPhase section */

/* Begin PBXSourcesBuildPhase section */
		7D1A66C91C72F3F400869758 /* Sources */ = {
			isa = PBXSourcesBuildPhase;
			buildActionMask = 2147483647;
			files = (
				7D7F90A51C7AB4D6008243CF /* SunOrMoonView.m in Sources */,
				7D1A67A91C72FF6000869758 /* ZYButton.m in Sources */,
				7D60A44E1C755958009D9687 /* DetailNewsView.m in Sources */,
				7D1A67AF1C73177800869758 /* MainViewController.m in Sources */,
				7D60A44B1C74466F009D9687 /* SearchViewController.m in Sources */,
				7D60A4421C744639009D9687 /* WeatherViewController.m in Sources */,
				7D67BF261C7C5FD200179981 /* CloudView.m in Sources */,
				7D1A66E11C72F3F400869758 /* AppDelegate.m in Sources */,
				7D67BF291C7C5FDF00179981 /* RainView.m in Sources */,
				7D1A67AC1C73030600869758 /* ZYImageView.m in Sources */,
				7D7F90A21C7AA466008243CF /* WeatherView.m in Sources */,
				7D1A66DD1C72F3F400869758 /* main.m in Sources */,
				7D60A4481C74465D009D9687 /* NewsViewController.m in Sources */,
				7D1A67011C72F44300869758 /* PasswordViewController.m in Sources */,
				7D60A4451C74464B009D9687 /* CityViewController.m in Sources */,
			);
			runOnlyForDeploymentPostprocessing = 0;
		};
		7D1A66E41C72F3F400869758 /* Sources */ = {
			isa = PBXSourcesBuildPhase;
			buildActionMask = 2147483647;
			files = (
				7D1A66F61C72F3F400869758 /* YiBai67TestTests.m in Sources */,
			);
			runOnlyForDeploymentPostprocessing = 0;
		};
/* End PBXSourcesBuildPhase section */

/* Begin PBXTargetDependency section */
		7D1A66EE1C72F3F400869758 /* PBXTargetDependency */ = {
			isa = PBXTargetDependency;
			target = 7D1A66CC1C72F3F400869758 /* YiBai67Test */;
			targetProxy = 7D1A66ED1C72F3F400869758 /* PBXContainerItemProxy */;
		};
/* End PBXTargetDependency section */

/* Begin PBXVariantGroup section */
		7D1A66D91C72F3F400869758 /* InfoPlist.strings */ = {
			isa = PBXVariantGroup;
			children = (
				7D1A66DA1C72F3F400869758 /* en */,
			);
			name = InfoPlist.strings;
			sourceTree = "<group>";
		};
		7D1A66F21C72F3F400869758 /* InfoPlist.strings */ = {
			isa = PBXVariantGroup;
			children = (
				7D1A66F31C72F3F400869758 /* en */,
			);
			name = InfoPlist.strings;
			sourceTree = "<group>";
		};
/* End PBXVariantGroup section */

/* Begin XCBuildConfiguration section */
		7D1A66F71C72F3F400869758 /* Debug */ = {
			isa = XCBuildConfiguration;
			buildSettings = {
				ALWAYS_SEARCH_USER_PATHS = NO;
				CLANG_CXX_LANGUAGE_STANDARD = "gnu++0x";
				CLANG_CXX_LIBRARY = "libc++";
				CLANG_ENABLE_MODULES = YES;
				CLANG_ENABLE_OBJC_ARC = YES;
				CLANG_WARN_BOOL_CONVERSION = YES;
				CLANG_WARN_CONSTANT_CONVERSION = YES;
				CLANG_WARN_DIRECT_OBJC_ISA_USAGE = YES_ERROR;
				CLANG_WARN_EMPTY_BODY = YES;
				CLANG_WARN_ENUM_CONVERSION = YES;
				CLANG_WARN_INT_CONVERSION = YES;
				CLANG_WARN_OBJC_ROOT_CLASS = YES_ERROR;
				CLANG_WARN__DUPLICATE_METHOD_MATCH = YES;
				"CODE_SIGN_IDENTITY[sdk=iphoneos*]" = "iPhone Developer";
				COPY_PHASE_STRIP = NO;
				GCC_C_LANGUAGE_STANDARD = gnu99;
				GCC_DYNAMIC_NO_PIC = NO;
				GCC_OPTIMIZATION_LEVEL = 0;
				GCC_PREPROCESSOR_DEFINITIONS = (
					"DEBUG=1",
					"$(inherited)",
				);
				GCC_SYMBOLS_PRIVATE_EXTERN = NO;
				GCC_WARN_64_TO_32_BIT_CONVERSION = YES;
				GCC_WARN_ABOUT_RETURN_TYPE = YES_ERROR;
				GCC_WARN_UNDECLARED_SELECTOR = YES;
				GCC_WARN_UNINITIALIZED_AUTOS = YES_AGGRESSIVE;
				GCC_WARN_UNUSED_FUNCTION = YES;
				GCC_WARN_UNUSED_VARIABLE = YES;
				IPHONEOS_DEPLOYMENT_TARGET = 7.1;
				ONLY_ACTIVE_ARCH = YES;
				SDKROOT = iphoneos;
			};
			name = Debug;
		};
		7D1A66F81C72F3F400869758 /* Release */ = {
			isa = XCBuildConfiguration;
			buildSettings = {
				ALWAYS_SEARCH_USER_PATHS = NO;
				CLANG_CXX_LANGUAGE_STANDARD = "gnu++0x";
				CLANG_CXX_LIBRARY = "libc++";
				CLANG_ENABLE_MODULES = YES;
				CLANG_ENABLE_OBJC_ARC = YES;
				CLANG_WARN_BOOL_CONVERSION = YES;
				CLANG_WARN_CONSTANT_CONVERSION = YES;
				CLANG_WARN_DIRECT_OBJC_ISA_USAGE = YES_ERROR;
				CLANG_WARN_EMPTY_BODY = YES;
				CLANG_WARN_ENUM_CONVERSION = YES;
				CLANG_WARN_INT_CONVERSION = YES;
				CLANG_WARN_OBJC_ROOT_CLASS = YES_ERROR;
				CLANG_WARN__DUPLICATE_METHOD_MATCH = YES;
				"CODE_SIGN_IDENTITY[sdk=iphoneos*]" = "iPhone Developer";
				COPY_PHASE_STRIP = YES;
				ENABLE_NS_ASSERTIONS = NO;
				GCC_C_LANGUAGE_STANDARD = gnu99;
				GCC_WARN_64_TO_32_BIT_CONVERSION = YES;
				GCC_WARN_ABOUT_RETURN_TYPE = YES_ERROR;
				GCC_WARN_UNDECLARED_SELECTOR = YES;
				GCC_WARN_UNINITIALIZED_AUTOS = YES_AGGRESSIVE;
				GCC_WARN_UNUSED_FUNCTION = YES;
				GCC_WARN_UNUSED_VARIABLE = YES;
				IPHONEOS_DEPLOYMENT_TARGET = 7.1;
				SDKROOT = iphoneos;
				VALIDATE_PRODUCT = YES;
			};
			name = Release;
		};
		7D1A66FA1C72F3F400869758 /* Debug */ = {
			isa = XCBuildConfiguration;
			buildSettings = {
				ASSETCATALOG_COMPILER_APPICON_NAME = AppIcon;
				ASSETCATALOG_COMPILER_LAUNCHIMAGE_NAME = LaunchImage;
				CLANG_ENABLE_OBJC_ARC = NO;
				GCC_PRECOMPILE_PREFIX_HEADER = YES;
				GCC_PREFIX_HEADER = "YiBai67Test/YiBai67Test-Prefix.pch";
				INFOPLIST_FILE = "YiBai67Test/YiBai67Test-Info.plist";
				PRODUCT_NAME = "$(TARGET_NAME)";
				WRAPPER_EXTENSION = app;
			};
			name = Debug;
		};
		7D1A66FB1C72F3F400869758 /* Release */ = {
			isa = XCBuildConfiguration;
			buildSettings = {
				ASSETCATALOG_COMPILER_APPICON_NAME = AppIcon;
				ASSETCATALOG_COMPILER_LAUNCHIMAGE_NAME = LaunchImage;
				CLANG_ENABLE_OBJC_ARC = NO;
				GCC_PRECOMPILE_PREFIX_HEADER = YES;
				GCC_PREFIX_HEADER = "YiBai67Test/YiBai67Test-Prefix.pch";
				INFOPLIST_FILE = "YiBai67Test/YiBai67Test-Info.plist";
				PRODUCT_NAME = "$(TARGET_NAME)";
				WRAPPER_EXTENSION = app;
			};
			name = Release;
		};
		7D1A66FD1C72F3F400869758 /* Debug */ = {
			isa = XCBuildConfiguration;
			buildSettings = {
				BUNDLE_LOADER = "$(BUILT_PRODUCTS_DIR)/YiBai67Test.app/YiBai67Test";
				FRAMEWORK_SEARCH_PATHS = (
					"$(SDKROOT)/Developer/Library/Frameworks",
					"$(inherited)",
					"$(DEVELOPER_FRAMEWORKS_DIR)",
				);
				GCC_PRECOMPILE_PREFIX_HEADER = YES;
				GCC_PREFIX_HEADER = "YiBai67Test/YiBai67Test-Prefix.pch";
				GCC_PREPROCESSOR_DEFINITIONS = (
					"DEBUG=1",
					"$(inherited)",
				);
				INFOPLIST_FILE = "YiBai67TestTests/YiBai67TestTests-Info.plist";
				PRODUCT_NAME = "$(TARGET_NAME)";
				TEST_HOST = "$(BUNDLE_LOADER)";
				WRAPPER_EXTENSION = xctest;
			};
			name = Debug;
		};
		7D1A66FE1C72F3F400869758 /* Release */ = {
			isa = XCBuildConfiguration;
			buildSettings = {
				BUNDLE_LOADER = "$(BUILT_PRODUCTS_DIR)/YiBai67Test.app/YiBai67Test";
				FRAMEWORK_SEARCH_PATHS = (
					"$(SDKROOT)/Developer/Library/Frameworks",
					"$(inherited)",
					"$(DEVELOPER_FRAMEWORKS_DIR)",
				);
				GCC_PRECOMPILE_PREFIX_HEADER = YES;
				GCC_PREFIX_HEADER = "YiBai67Test/YiBai67Test-Prefix.pch";
				INFOPLIST_FILE = "YiBai67TestTests/YiBai67TestTests-Info.plist";
				PRODUCT_NAME = "$(TARGET_NAME)";
				TEST_HOST = "$(BUNDLE_LOADER)";
				WRAPPER_EXTENSION = xctest;
			};
			name = Release;
		};
/* End XCBuildConfiguration section */

/* Begin XCConfigurationList section */
		7D1A66C81C72F3F400869758 /* Build configuration list for PBXProject "YiBai67Test" */ = {
			isa = XCConfigurationList;
			buildConfigurations = (
				7D1A66F71C72F3F400869758 /* Debug */,
				7D1A66F81C72F3F400869758 /* Release */,
			);
			defaultConfigurationIsVisible = 0;
			defaultConfigurationName = Release;
		};
		7D1A66F91C72F3F400869758 /* Build configuration list for PBXNativeTarget "YiBai67Test" */ = {
			isa = XCConfigurationList;
			buildConfigurations = (
				7D1A66FA1C72F3F400869758 /* Debug */,
				7D1A66FB1C72F3F400869758 /* Release */,
			);
			defaultConfigurationIsVisible = 0;
			defaultConfigurationName = Release;
		};
		7D1A66FC1C72F3F400869758 /* Build configuration list for PBXNativeTarget "YiBai67TestTests" */ = {
			isa = XCConfigurationList;
			buildConfigurations = (
				7D1A66FD1C72F3F400869758 /* Debug */,
				7D1A66FE1C72F3F400869758 /* Release */,
			);
			defaultConfigurationIsVisible = 0;
			defaultConfigurationName = Release;
		};
/* End XCConfigurationList section */
	};
	rootObject = 7D1A66C51C72F3F400869758 /* Project object */;
}
